PODS:
  - Flutter (1.0.0)
  - objective_c (0.0.1):
    - Flutter
  - thermion_flutter (0.0.1):
    - Flutter
    - FlutterMacOS

DEPENDENCIES:
  - Flutter (from `Flutter`)
  - objective_c (from `.symlinks/plugins/objective_c/ios`)
  - thermion_flutter (from `.symlinks/plugins/thermion_flutter/darwin`)

EXTERNAL SOURCES:
  Flutter:
    :path: Flutter
  objective_c:
    :path: ".symlinks/plugins/objective_c/ios"
  thermion_flutter:
    :path: ".symlinks/plugins/thermion_flutter/darwin"

SPEC CHECKSUMS:
  Flutter: cabc95a1d2626b1b06e7179b784ebcf0c0cde467
  objective_c: 77e887b5ba1827970907e10e832eec1683f3431d
  thermion_flutter: bbfc8333461fc5dc5ed7c4dd379813c669284f38

PODFILE CHECKSUM: a57f30d18f102dd3ce366b1d62a55ecbef2158e5

COCOAPODS: 1.16.2
