PODS:
  - Filament (1.12.4):
    - Filament/camutils (= 1.12.4)
    - Filament/filamat (= 1.12.4)
    - Filament/filament (= 1.12.4)
    - Filament/filameshio (= 1.12.4)
    - Filament/gltfio_core (= 1.12.4)
    - Filament/image (= 1.12.4)
    - Filament/math (= 1.12.4)
    - Filament/utils (= 1.12.4)
  - Filament/camutils (1.12.4):
    - Filament/math
  - Filament/filamat (1.12.4):
    - Filament/math
    - Filament/utils
  - Filament/filament (1.12.4):
    - Filament/math
    - Filament/utils
  - Filament/filameshio (1.12.4):
    - Filament/filament
  - Filament/gltfio_core (1.12.4):
    - Filament/filament
  - Filament/image (1.12.4):
    - Filament/filament
  - Filament/math (1.12.4)
  - Filament/utils (1.12.4)
  - Flutter (1.0.0)
  - mimetic_filament (0.0.1):
    - Filament (~> 1.12.3)
    - Flutter

DEPENDENCIES:
  - Flutter (from `Flutter`)
  - mimetic_filament (from `.symlinks/plugins/mimetic_filament/ios`)

SPEC REPOS:
  trunk:
    - Filament

EXTERNAL SOURCES:
  Flutter:
    :path: Flutter
  mimetic_filament:
    :path: ".symlinks/plugins/mimetic_filament/ios"

SPEC CHECKSUMS:
  Filament: 701abb8200237da11b6f74c318f2a875ef309b91
  Flutter: 50d75fe2f02b26cc09d224853bb45737f8b3214a
  mimetic_filament: 089d6e6ef4a3061fa22b023a895e0a3e0e350254

PODFILE CHECKSUM: 7adbc9d59f05e1b01f554ea99b6c79e97f2214a2

COCOAPODS: 1.10.2
