PODS:
  - Flutter (1.0.0)
  - polyvox_filament (0.0.1):
    - Flutter

DEPENDENCIES:
  - Flutter (from `Flutter`)
  - polyvox_filament (from `.symlinks/plugins/polyvox_filament/ios`)

EXTERNAL SOURCES:
  Flutter:
    :path: Flutter
  polyvox_filament:
    :path: ".symlinks/plugins/polyvox_filament/ios"

SPEC CHECKSUMS:
  Flutter: f04841e97a9d0b0a8025694d0796dd46242b2854
  polyvox_filament: 0c9b38ce090e93c769c8ee2e0f2358d0aef06cdc

PODFILE CHECKSUM: 5016650b9e3f332aac9cd4748b5fc6034a63f552

COCOAPODS: 1.10.2
