PODS:
  - FlutterMacOS (1.0.0)
  - thermion_flutter (0.0.1):
    - FlutterMacOS

DEPENDENCIES:
  - FlutterMacOS (from `Flutter/ephemeral`)
  - thermion_flutter (from `Flutter/ephemeral/.symlinks/plugins/thermion_flutter/macos`)

EXTERNAL SOURCES:
  FlutterMacOS:
    :path: Flutter/ephemeral
  thermion_flutter:
    :path: Flutter/ephemeral/.symlinks/plugins/thermion_flutter/macos

SPEC CHECKSUMS:
  FlutterMacOS: 8f6f14fa908a6fb3fba0cd85dbd81ec4b251fb24
  thermion_flutter: debb51a861788780ce40e11e4400c2e5a8681fdf

PODFILE CHECKSUM: 1888651be91a8ad58692c1add9ce24279fd4e950

COCOAPODS: 1.15.2
